
Microsoft Visual Studio Solution File, Format Version 12.00
# Visual Studio Version 17
VisualStudioVersion = 17.0.32112.339
MinimumVisualStudioVersion = 10.0.40219.1
Project("{778DAE3C-4631-46EA-AA77-85C1314464D9}") = "E3.HarnessAnalyzer", "E3.HarnessAnalyzer\E3.HarnessAnalyzer.vbproj", "{74CCEB02-B728-4E37-A90B-C7FC2FF4CA55}"
	ProjectSection(ProjectDependencies) = postProject
		{7104A262-0307-4D95-AC45-ABC8C08712F9} = {7104A262-0307-4D95-AC45-ABC8C08712F9}
		{88D34E6C-DFE9-40C2-BE09-88C0BF85F854} = {88D34E6C-DFE9-40C2-BE09-88C0BF85F854}
		{9668A4BF-3FD7-428A-975B-EDA642F6F02A} = {9668A4BF-3FD7-428A-975B-EDA642F6F02A}
	EndProjectSection
EndProject
Project("{778DAE3C-4631-46EA-AA77-85C1314464D9}") = "E3.HarnessAnalyzer.Shared", "E3.HarnessAnalyzer.Shared\E3.HarnessAnalyzer.Shared.vbproj", "{27A953C4-2561-4FAF-9C5F-9A2C321DC686}"
EndProject
Project("{778DAE3C-4631-46EA-AA77-85C1314464D9}") = "E3.App.Windows.Controls.Comparer.Topology", "..\..\..\E3.App.Windows.Controls\Comparer.Topology\Solution\E3.App.Windows.Controls.Comparer.Topology.vbproj", "{37409034-977A-44D0-BD68-2E048ADA1FB3}"
EndProject
Project("{778DAE3C-4631-46EA-AA77-85C1314464D9}") = "E3.Lib.Eyeshot", "..\..\..\E3.Lib\Eyeshot\Solution\E3.Lib.Eyeshot.vbproj", "{CE18C513-D50D-4A22-BD35-C882F6E39824}"
EndProject
Project("{778DAE3C-4631-46EA-AA77-85C1314464D9}") = "E3.Lib.Eyeshot.Model.Converter", "..\..\..\E3.Lib\Eyeshot.Model.Converter\Solution\E3.Lib.Eyeshot.Model.Converter.vbproj", "{6F24A0A0-4814-4347-83B2-8B7FF88842D5}"
EndProject
Project("{778DAE3C-4631-46EA-AA77-85C1314464D9}") = "E3.Lib.IO.Files.Project", "..\..\..\E3.Lib\IO.Files.Project\Solution\E3.Lib.IO.Files.Project.vbproj", "{DCBBABC9-2FBA-4BE1-A20F-94DBD118D2B8}"
EndProject
Project("{778DAE3C-4631-46EA-AA77-85C1314464D9}") = "E3.Lib.IO.Files", "..\..\..\E3.Lib\IO.Files\Solution\E3.Lib.IO.Files.vbproj", "{DFB5E577-2BDA-4D14-A0E9-7C00F708EE14}"
EndProject
Project("{778DAE3C-4631-46EA-AA77-85C1314464D9}") = "E3.Lib.Locator.Splice", "..\..\..\E3.Lib\Locator.Splice\Solution\E3.Lib.Locator.Splice.vbproj", "{524D8721-4984-4F55-A543-7071A5935E49}"
EndProject
Project("{778DAE3C-4631-46EA-AA77-85C1314464D9}") = "E3.Lib.Router.Topology", "..\..\..\E3.Lib\Router.Topology\Solution\E3.Lib.Router.Topology.vbproj", "{800329DC-4341-4F33-9183-BE008D9728B4}"
EndProject
Project("{778DAE3C-4631-46EA-AA77-85C1314464D9}") = "E3.Lib.Packager.Circle", "..\..\..\E3.Lib\Packager.Circle\Solution\E3.Lib.Packager.Circle.vbproj", "{9296F465-F351-4B19-92FA-AE8377770FAF}"
EndProject
Project("{778DAE3C-4631-46EA-AA77-85C1314464D9}") = "E3.Lib.Licensing", "..\..\..\E3.Lib\Licensing\Solution\E3.Lib.Licensing.vbproj", "{D8E04EFE-557D-4D71-8715-8D1E9C747A4A}"
EndProject
Project("{778DAE3C-4631-46EA-AA77-85C1314464D9}") = "E3.Lib.Eyeshot.Model", "..\..\..\E3.Lib\Eyeshot.Model\Solution\E3.Lib.Eyeshot.Model.vbproj", "{E142DFEC-A420-448D-B10B-91FAA5EEC28D}"
EndProject
Project("{778DAE3C-4631-46EA-AA77-85C1314464D9}") = "E3.HarnessAnalyzer.Project", "E3.HarnessAnalyzer.Project\E3.HarnessAnalyzer.Project.vbproj", "{B810FD10-8352-42BC-A386-99A92C7BF732}"
EndProject
Project("{778DAE3C-4631-46EA-AA77-85C1314464D9}") = "E3.HarnessAnalyzer.Settings", "E3.HarnessAnalyzer.Settings\E3.HarnessAnalyzer.Settings.vbproj", "{476FE1C5-A2CC-4F7C-A5C2-0668DB2A2101}"
EndProject
Project("{778DAE3C-4631-46EA-AA77-85C1314464D9}") = "E3.Lib.IO.Files.Hcv", "..\..\..\E3.Lib\IO.Files.Hcv\Solution\E3.Lib.IO.Files.Hcv.vbproj", "{71A3A3D1-3A08-4F3A-AD74-2BF749474961}"
EndProject
Project("{778DAE3C-4631-46EA-AA77-85C1314464D9}") = "E3.Lib.IO.Files.Dsi", "..\..\..\E3.Lib\IO.Files.Dsi\Solution\E3.Lib.IO.Files.Dsi.vbproj", "{2990E65D-3F3E-4E73-932D-C2887D7E7237}"
EndProject
Project("{9A19103F-16F7-4668-BE54-9A1E7A4F7556}") = "E3.Lib.Schema.PlmXml", "..\..\..\E3.Lib\Schema.PlmXml\Solution\E3.Lib.Schema.PlmXml.csproj", "{F1AF8B3A-8F4E-8B45-986C-AE2903741D1B}"
EndProject
Project("{778DAE3C-4631-46EA-AA77-85C1314464D9}") = "E3.Lib.Converter.Svg", "..\..\..\E3.Lib\Converter.Svg\Solution\E3.Lib.Converter.Svg.vbproj", "{62A63E59-424A-4A8D-9092-7A4AC20DFBD5}"
EndProject
Project("{778DAE3C-4631-46EA-AA77-85C1314464D9}") = "E3.HarnessAnalyzer.Compatibility", "E3.HarnessAnalyzer.Compatibility\E3.HarnessAnalyzer.Compatibility.vbproj", "{32290DA9-7D49-4829-A92A-B079CA5DCC63}"
EndProject
Project("{778DAE3C-4631-46EA-AA77-85C1314464D9}") = "E3.Lib.IO.Files.IXF", "..\..\..\E3.Lib\IO.Files.IXF\Solution\E3.Lib.IO.Files.IXF.vbproj", "{5C3B0144-30D9-448A-ADAD-6646A492CA8A}"
EndProject
Project("{778DAE3C-4631-46EA-AA77-85C1314464D9}") = "E3.Lib.Shared", "..\..\..\E3.Lib\Shared\Solution\E3.Lib.Shared.vbproj", "{1739EA89-983D-48C6-AC0B-9644E83A37C3}"
EndProject
Project("{778DAE3C-4631-46EA-AA77-85C1314464D9}") = "E3.Lib.Parser.Formula", "..\..\..\E3.Lib\Parser.Formula\Solution\E3.Lib.Parser.Formula.vbproj", "{2F15AE1B-A505-4720-B3D7-1CE8906D6428}"
EndProject
Project("{778DAE3C-4631-46EA-AA77-85C1314464D9}") = "E3.Lib.Converter.Unit", "..\..\..\E3.Lib\Converter.Unit\Solution\E3.Lib.Converter.Unit.vbproj", "{427BB684-91F3-40DC-9BB8-6673301FD5B1}"
EndProject
Project("{778DAE3C-4631-46EA-AA77-85C1314464D9}") = "E3.Lib.DotNet.Expansions", "..\..\..\E3.Lib\DotNet.Expansions\Solution\E3.Lib.DotNet.Expansions.vbproj", "{921F43E2-885A-442A-9D9B-A0DC1BD26F14}"
EndProject
Project("{778DAE3C-4631-46EA-AA77-85C1314464D9}") = "E3.Lib.Evaluator.OptionCode", "..\..\..\E3.Lib\Evaluator.OptionCode\Solution\E3.Lib.Evaluator.OptionCode.vbproj", "{60776DE8-ACA1-4286-825E-1223AA0BB127}"
EndProject
Project("{778DAE3C-4631-46EA-AA77-85C1314464D9}") = "E3.Lib.IO", "..\..\..\E3.Lib\IO\Solution\E3.Lib.IO.vbproj", "{13070311-B8C1-483D-BF55-7838CA9F72CA}"
EndProject
Project("{778DAE3C-4631-46EA-AA77-85C1314464D9}") = "E3.Lib.Model", "..\..\..\E3.Lib\Model\Solution\E3.Lib.Model.vbproj", "{F3C9670E-5889-4BF6-ACB3-08C9A78F8544}"
EndProject
Project("{778DAE3C-4631-46EA-AA77-85C1314464D9}") = "E3.Lib.Schema.Kbl", "..\..\..\E3.Lib\Schema.Kbl\Solution\E3.Lib.Schema.Kbl.vbproj", "{7A0B0F2A-0110-4F58-BE43-137B98581F17}"
EndProject
Project("{778DAE3C-4631-46EA-AA77-85C1314464D9}") = "E3.Lib.IO.Files.Svg", "..\..\..\E3.Lib\IO.Files.Svg\Solution\E3.Lib.IO.Files.Svg.vbproj", "{42CE5B34-8F53-465F-BB5C-8A8D3B6CD0A0}"
EndProject
Project("{778DAE3C-4631-46EA-AA77-85C1314464D9}") = "E3.App.Windows.Controls.Infragistics.WinGrid", "..\..\..\E3.App.Windows.Controls\Infragistics.WinGrid\Solution\E3.App.Windows.Controls.Infragistics.WinGrid.vbproj", "{1BF80F3A-19A2-4CA8-A4FF-6AC9F6FF7E3D}"
EndProject
Project("{778DAE3C-4631-46EA-AA77-85C1314464D9}") = "E3.Lib.Toasts", "..\..\..\E3.Lib\Toasts\Solution\E3.Lib.Toasts.vbproj", "{097704F2-F466-4563-A34E-A0D24EB51057}"
EndProject
Project("{778DAE3C-4631-46EA-AA77-85C1314464D9}") = "E3.Lib.IO.Files.PlmXml", "..\..\..\E3.Lib\IO.Files.PlmXml\Solution\E3.Lib.IO.Files.PlmXml.vbproj", "{D04C8FBA-C46A-41D1-A4E7-EEA1C759FB67}"
EndProject
Project("{778DAE3C-4631-46EA-AA77-85C1314464D9}") = "E3.Lib.Schema.IXF", "..\..\..\E3.Lib\Schema.IXF\Solution\E3.Lib.Schema.IXF.vbproj", "{E277C27D-4538-4D03-B6A7-84233061BC2E}"
EndProject
Project("{778DAE3C-4631-46EA-AA77-85C1314464D9}") = "E3.App.Windows.Controls.Altair.Connectivity.View", "..\..\..\E3.App.Windows.Controls\Altair.Connectivity.View\Solution\E3.App.Windows.Controls.Altair.Connectivity.View.vbproj", "{7104A262-0307-4D95-AC45-ABC8C08712F9}"
	ProjectSection(ProjectDependencies) = postProject
		{743B84EF-DCFF-4498-AA25-CF5E45F41370} = {743B84EF-DCFF-4498-AA25-CF5E45F41370}
		{85FC7190-DA2F-496D-92C3-CA7E8EFC5BB5} = {85FC7190-DA2F-496D-92C3-CA7E8EFC5BB5}
	EndProjectSection
EndProject
Project("{8BC9CEB8-8B4A-11D0-8D11-00A0C91BC942}") = "E3.App.Windows.Controls.Altair.Connectivity.Model.MFC.NET8", "..\..\..\E3.App.Windows.Controls\Altair.Connectivity.View\Solution\Model.MFC\NET8\E3.App.Windows.Controls.Altair.Connectivity.Model.MFC.NET8.vcxproj", "{9668A4BF-3FD7-428A-975B-EDA642F6F02A}"
EndProject
Project("{8BC9CEB8-8B4A-11D0-8D11-00A0C91BC942}") = "E3.App.Windows.Controls.Altair.Connectivity.Control.MFC.NET8", "..\..\..\E3.App.Windows.Controls\Altair.Connectivity.View\Solution\Control.MFC\NET8\E3.App.Windows.Controls.Altair.Connectivity.Control.MFC.NET8.vcxproj", "{14064DDB-1539-4304-B4BE-7D6CC09EFB50}"
EndProject
Project("{778DAE3C-4631-46EA-AA77-85C1314464D9}") = "E3.Lib.CoreTech.V2022", "..\..\..\E3.Lib\CoreTech.V2022\Solution\E3.Lib.CoreTech.V2022.vbproj", "{D0EE23B2-F808-4678-8487-FE60D3010D43}"
	ProjectSection(ProjectDependencies) = postProject
		{A3B773E5-FE16-4AA3-8225-AC4ED86E6226} = {A3B773E5-FE16-4AA3-8225-AC4ED86E6226}
	EndProjectSection
EndProject
Project("{8BC9CEB8-8B4A-11D0-8D11-00A0C91BC942}") = "E3.Lib.CoreTech.Kernel.MFC.NET6.V2022", "..\..\..\E3.Lib\CoreTech.V2022\Solution\Kernel\NET6\E3.Lib.CoreTech.Kernel.MFC.NET6.vcxproj", "{D7984FBF-B429-4E34-80D9-F36371A4387F}"
	ProjectSection(ProjectDependencies) = postProject
		{7447859F-C697-49FC-8BDB-25171BBD00EF} = {7447859F-C697-49FC-8BDB-25171BBD00EF}
	EndProjectSection
EndProject
Project("{8BC9CEB8-8B4A-11D0-8D11-00A0C91BC942}") = "E3.Lib.CoreTech.Kernel.MFC.NET8.V2022", "..\..\..\E3.Lib\CoreTech.V2022\Solution\Kernel\NET8\E3.Lib.CoreTech.Kernel.MFC.NET8.vcxproj", "{A3B773E5-FE16-4AA3-8225-AC4ED86E6226}"
	ProjectSection(ProjectDependencies) = postProject
		{7447859F-C697-49FC-8BDB-25171BBD00EF} = {7447859F-C697-49FC-8BDB-25171BBD00EF}
	EndProjectSection
EndProject
Project("{8BC9CEB8-8B4A-11D0-8D11-00A0C91BC942}") = "E3.Lib.CoreTech.Kernel.MFC.NET4.V2022", "..\..\..\E3.Lib\CoreTech.V2022\Solution\Kernel\NET472\E3.Lib.CoreTech.Kernel.MFC.NET4.vcxproj", "{88FCEB3D-3CFD-4144-B62D-15B5F0DFA35D}"
EndProject
Project("{2150E333-8FDC-42A3-9474-1A3956D46DE8}") = "Kernel", "Kernel", "{344676C8-43D6-4BC0-9B9A-A5C1412786D4}"
EndProject
Project("{778DAE3C-4631-46EA-AA77-85C1314464D9}") = "E3.Lib.CoreTech.Model.V2022", "..\..\..\E3.Lib\CoreTech.V2022\Solution\Model\E3.Lib.CoreTech.Model.V2022.vbproj", "{7447859F-C697-49FC-8BDB-25171BBD00EF}"
EndProject
Project("{8BC9CEB8-8B4A-11D0-8D11-00A0C91BC942}") = "E3.App.Windows.Controls.Altair.Connectivity.Control.MFC.NET4", "..\..\..\E3.App.Windows.Controls\Altair.Connectivity.View\Solution\Control.MFC\NET472\E3.App.Windows.Controls.Altair.Connectivity.Control.MFC.NET4.vcxproj", "{85FC7190-DA2F-496D-92C3-CA7E8EFC5BB5}"
EndProject
Project("{8BC9CEB8-8B4A-11D0-8D11-00A0C91BC942}") = "E3.App.Windows.Controls.Altair.Connectivity.Control.MFC.NET6", "..\..\..\E3.App.Windows.Controls\Altair.Connectivity.View\Solution\Control.MFC\NET6\E3.App.Windows.Controls.Altair.Connectivity.Control.MFC.NET6.vcxproj", "{DC492022-2BC4-4D51-AF6F-FC1093359ADE}"
EndProject
Project("{8BC9CEB8-8B4A-11D0-8D11-00A0C91BC942}") = "E3.App.Windows.Controls.Altair.Connectivity.Model.MFC.NET6", "..\..\..\E3.App.Windows.Controls\Altair.Connectivity.View\Solution\Model.MFC\NET6\E3.App.Windows.Controls.Altair.Connectivity.Model.MFC.NET6.vcxproj", "{C448AFDD-35F3-4D94-B8B4-37F691812AAB}"
EndProject
Project("{8BC9CEB8-8B4A-11D0-8D11-00A0C91BC942}") = "E3.App.Windows.Controls.Altair.Connectivity.Model.MFC.NET4", "..\..\..\E3.App.Windows.Controls\Altair.Connectivity.View\Solution\Model.MFC\NET472\E3.App.Windows.Controls.Altair.Connectivity.Model.MFC.NET4.vcxproj", "{743B84EF-DCFF-4498-AA25-CF5E45F41370}"
EndProject
Project("{8BC9CEB8-8B4A-11D0-8D11-00A0C91BC942}") = "E3.Lib.Licensing.Wrapper.MFC.NET4", "..\..\..\E3.Lib\Licensing.MFC\Solution\NET4\E3.Lib.Licensing.Wrapper.MFC.NET4.vcxproj", "{7273A11C-BBFE-4446-8003-FC69E9AE628F}"
EndProject
Project("{8BC9CEB8-8B4A-11D0-8D11-00A0C91BC942}") = "E3.Lib.Licensing.Wrapper.MFC.NET6", "..\..\..\E3.Lib\Licensing.MFC\Solution\NET6\E3.Lib.Licensing.Wrapper.MFC.NET6.vcxproj", "{4A55AD2B-497D-4457-850A-B2FCCF68C85D}"
EndProject
Project("{8BC9CEB8-8B4A-11D0-8D11-00A0C91BC942}") = "E3.Lib.Licensing.Wrapper.MFC.NET8", "..\..\..\E3.Lib\Licensing.MFC\Solution\NET8\E3.Lib.Licensing.Wrapper.MFC.NET8.vcxproj", "{045A270F-8DA4-4D71-B31D-D4F4B65B36BC}"
EndProject
Project("{2150E333-8FDC-42A3-9474-1A3956D46DE8}") = "E3.Lib.Licensing.Wrapper", "E3.Lib.Licensing.Wrapper", "{FCD2BDD8-CB33-44A3-A723-F91A70D1A545}"
EndProject
Project("{8BC9CEB8-8B4A-11D0-8D11-00A0C91BC942}") = "E3.App.Windows.Controls.Altair.Connectivity.NlView.MFC.NET6", "..\..\..\E3.App.Windows.Controls\Altair.Connectivity.View\Solution\NLView.MFC\NET6\E3.App.Windows.Controls.Altair.Connectivity.NlView.MFC.NET6.vcxproj", "{010D6AEF-C78D-42DD-88EA-F51FFC4E9F27}"
EndProject
Project("{8BC9CEB8-8B4A-11D0-8D11-00A0C91BC942}") = "E3.App.Windows.Controls.Altair.Connectivity.NlView.MFC.NET8", "..\..\..\E3.App.Windows.Controls\Altair.Connectivity.View\Solution\NLView.MFC\NET8\E3.App.Windows.Controls.Altair.Connectivity.NlView.MFC.NET8.vcxproj", "{88D34E6C-DFE9-40C2-BE09-88C0BF85F854}"
EndProject
Project("{8BC9CEB8-8B4A-11D0-8D11-00A0C91BC942}") = "E3.App.Windows.Controls.Altair.Connectivity.NlView.MFC.NET4", "..\..\..\E3.App.Windows.Controls\Altair.Connectivity.View\Solution\NLView.MFC\NET472\E3.App.Windows.Controls.Altair.Connectivity.NlView.MFC.NET4.vcxproj", "{F7826823-8575-4857-8892-BBFA9AE15339}"
EndProject
Project("{9A19103F-16F7-4668-BE54-9A1E7A4F7556}") = "E3.App.Windows.Components.AutocompleteMenu", "..\..\..\E3.App.Windows.Components\AutocompleteMenu\Solution\E3.App.Windows.Components.AutocompleteMenu.csproj", "{F2653462-B1FE-4FFB-9520-39F1CAC7CEBE}"
EndProject
Project("{778DAE3C-4631-46EA-AA77-85C1314464D9}") = "E3.Lib.BinaryDecisionDiagram", "..\..\..\E3.Lib\BinaryDecisionDiagram\Solution\E3.Lib.BinaryDecisionDiagram.vbproj", "{29D13647-2899-4969-8E41-2BE5D77AE335}"
EndProject
Project("{778DAE3C-4631-46EA-AA77-85C1314464D9}") = "E3.Lib.Schema.Vec", "..\..\..\E3.Lib\Schema.Vec\Solution\E3.Lib.Schema.Vec.vbproj", "{BE3C60B6-A9F9-4F44-A53E-9BB87516F0C6}"
EndProject
Project("{778DAE3C-4631-46EA-AA77-85C1314464D9}") = "E3.Lib.Schema.E3Xml", "..\..\..\E3.Lib\Schema.E3Xml\Solution\E3.Lib.Schema.E3Xml.vbproj", "{540EBCE3-A9EE-466D-A60B-D9172CA2EC9C}"
EndProject
Project("{2150E333-8FDC-42A3-9474-1A3956D46DE8}") = "E3.App.Windows.Controls.Altair.Connectivity.Model", "E3.App.Windows.Controls.Altair.Connectivity.Model", "{D819D8B8-8024-4B8E-88B3-CECFB3410472}"
EndProject
Project("{2150E333-8FDC-42A3-9474-1A3956D46DE8}") = "E3.App.Windows.Controls.Altair.Connectivity.Control", "E3.App.Windows.Controls.Altair.Connectivity.Control", "{10870D09-9BD6-4E5C-81C7-190B9A269D22}"
EndProject
Project("{2150E333-8FDC-42A3-9474-1A3956D46DE8}") = "E3.App.Windows.Controls.Altair.Connectivity.NlView", "E3.App.Windows.Controls.Altair.Connectivity.NlView", "{0091A3BF-E9EF-421E-9892-2C0CD35B662E}"
EndProject
Project("{2150E333-8FDC-42A3-9474-1A3956D46DE8}") = "E3.Lib.Licensing", "E3.Lib.Licensing", "{7E6BDA28-A2C7-4B17-8B82-D1BF0F197730}"
EndProject
Project("{2150E333-8FDC-42A3-9474-1A3956D46DE8}") = "E3.Lib.CoreTech.V2022", "E3.Lib.CoreTech.V2022", "{15C075F9-58D2-4459-A2B2-648DF09237FE}"
EndProject
Project("{2150E333-8FDC-42A3-9474-1A3956D46DE8}") = "E3.Lib.Schema", "E3.Lib.Schema", "{40672473-41F2-4A3C-983C-F95C8473AD24}"
EndProject
Project("{2150E333-8FDC-42A3-9474-1A3956D46DE8}") = "E3.Lib.IO", "E3.Lib.IO", "{0E372124-1E54-4674-8D00-E7C3C7524754}"
EndProject
Project("{2150E333-8FDC-42A3-9474-1A3956D46DE8}") = "E3.Lib.Eyeshot", "E3.Lib.Eyeshot", "{6B274093-0194-4289-BEE7-E462903792CB}"
EndProject
Project("{2150E333-8FDC-42A3-9474-1A3956D46DE8}") = "E3.Lib.Converter", "E3.Lib.Converter", "{87B75376-8EFA-422D-AA84-8C73AB52244D}"
EndProject
Project("{2150E333-8FDC-42A3-9474-1A3956D46DE8}") = "E3.App.Windows.Controls.Altair.Connectivity.View", "E3.App.Windows.Controls.Altair.Connectivity.View", "{2470752C-2005-4BBD-8322-4F520B3DC803}"
EndProject
Project("{2150E333-8FDC-42A3-9474-1A3956D46DE8}") = "Model", "Model", "{8083DCD5-2505-4CA2-AF4D-E076B76B7BF2}"
EndProject
Project("{778DAE3C-4631-46EA-AA77-85C1314464D9}") = "E3.Lib.Comparer.Topology", "..\..\..\E3.Lib\Comparer.Topology\Solution\E3.Lib.Comparer.Topology.vbproj", "{3004C97A-179A-4E3D-9923-262C6E37D757}"
EndProject
Project("{2150E333-8FDC-42A3-9474-1A3956D46DE8}") = "Solution Items", "Solution Items", "{0277E2B9-013A-4FBA-9114-0A97D97BA4EB}"
	ProjectSection(SolutionItems) = preProject
		.editorconfig = .editorconfig
		Directory.build.props = Directory.build.props
		Directory.build.targets = Directory.build.targets
	EndProjectSection
EndProject
Project("{2150E333-8FDC-42A3-9474-1A3956D46DE8}") = "E3.HarnessAnalyzer", "E3.HarnessAnalyzer", "{7D5EA0AB-A675-4EC6-B2F4-5FC11793E0B9}"
EndProject
Project("{2150E333-8FDC-42A3-9474-1A3956D46DE8}") = "E3.Lib", "E3.Lib", "{F217F130-6B49-4053-AC27-3FEAD3572DB2}"
EndProject
Project("{2150E333-8FDC-42A3-9474-1A3956D46DE8}") = "E3.App.Windows.Controls", "E3.App.Windows.Controls", "{1556F2C7-F245-40C1-ADA3-FD418A27015A}"
EndProject
Project("{F184B08F-C81C-45F6-A57F-5ABD9991F28F}") = "E3.Lib.DotNet.Expansions.Windows", "..\..\..\E3.Lib\DotNet.Expansions.Windows\Solution\E3.Lib.DotNet.Expansions.Windows.vbproj", "{437D488B-8FF9-49CA-84B3-C1BBD9CB512D}"
EndProject
Project("{F184B08F-C81C-45F6-A57F-5ABD9991F28F}") = "BorrowUtility", "BorrowUtility\BorrowUtility.vbproj", "{912F8253-0C8B-491C-A545-F2799A6A391B}"
EndProject
Project("{F184B08F-C81C-45F6-A57F-5ABD9991F28F}") = "E3.Lib.Licensing.MFC", "..\..\..\E3.Lib\Licensing.MFC\Solution\E3.Lib.Licensing.MFC.vbproj", "{E95EB050-040E-49A9-940B-2E08C6661E9B}"
EndProject
Global
	GlobalSection(SolutionConfigurationPlatforms) = preSolution
		Debug_MFC|x64 = Debug_MFC|x64
		Debug|x64 = Debug|x64
		Release_DEV|x64 = Release_DEV|x64
		Release|x64 = Release|x64
	EndGlobalSection
	GlobalSection(ProjectConfigurationPlatforms) = postSolution
		{74CCEB02-B728-4E37-A90B-C7FC2FF4CA55}.Debug_MFC|x64.ActiveCfg = Debug_MFC|x64
		{74CCEB02-B728-4E37-A90B-C7FC2FF4CA55}.Debug_MFC|x64.Build.0 = Debug_MFC|x64
		{74CCEB02-B728-4E37-A90B-C7FC2FF4CA55}.Debug|x64.ActiveCfg = Debug|x64
		{74CCEB02-B728-4E37-A90B-C7FC2FF4CA55}.Debug|x64.Build.0 = Debug|x64
		{74CCEB02-B728-4E37-A90B-C7FC2FF4CA55}.Release_DEV|x64.ActiveCfg = Release_DEV|x64
		{74CCEB02-B728-4E37-A90B-C7FC2FF4CA55}.Release_DEV|x64.Build.0 = Release_DEV|x64
		{74CCEB02-B728-4E37-A90B-C7FC2FF4CA55}.Release|x64.ActiveCfg = Release|x64
		{74CCEB02-B728-4E37-A90B-C7FC2FF4CA55}.Release|x64.Build.0 = Release|x64
		{27A953C4-2561-4FAF-9C5F-9A2C321DC686}.Debug_MFC|x64.ActiveCfg = Debug_MFC|x64
		{27A953C4-2561-4FAF-9C5F-9A2C321DC686}.Debug_MFC|x64.Build.0 = Debug_MFC|x64
		{27A953C4-2561-4FAF-9C5F-9A2C321DC686}.Debug|x64.ActiveCfg = Debug|x64
		{27A953C4-2561-4FAF-9C5F-9A2C321DC686}.Debug|x64.Build.0 = Debug|x64
		{27A953C4-2561-4FAF-9C5F-9A2C321DC686}.Release_DEV|x64.ActiveCfg = Release|x64
		{27A953C4-2561-4FAF-9C5F-9A2C321DC686}.Release_DEV|x64.Build.0 = Release|x64
		{27A953C4-2561-4FAF-9C5F-9A2C321DC686}.Release|x64.ActiveCfg = Release|x64
		{27A953C4-2561-4FAF-9C5F-9A2C321DC686}.Release|x64.Build.0 = Release|x64
		{37409034-977A-44D0-BD68-2E048ADA1FB3}.Debug_MFC|x64.ActiveCfg = Debug|x64
		{37409034-977A-44D0-BD68-2E048ADA1FB3}.Debug_MFC|x64.Build.0 = Debug|x64
		{37409034-977A-44D0-BD68-2E048ADA1FB3}.Debug|x64.ActiveCfg = Debug|x64
		{37409034-977A-44D0-BD68-2E048ADA1FB3}.Debug|x64.Build.0 = Debug|x64
		{37409034-977A-44D0-BD68-2E048ADA1FB3}.Release_DEV|x64.ActiveCfg = Release|x64
		{37409034-977A-44D0-BD68-2E048ADA1FB3}.Release|x64.ActiveCfg = Release|x64
		{CE18C513-D50D-4A22-BD35-C882F6E39824}.Debug_MFC|x64.ActiveCfg = Debug_MFC|x64
		{CE18C513-D50D-4A22-BD35-C882F6E39824}.Debug_MFC|x64.Build.0 = Debug_MFC|x64
		{CE18C513-D50D-4A22-BD35-C882F6E39824}.Debug|x64.ActiveCfg = Debug|x64
		{CE18C513-D50D-4A22-BD35-C882F6E39824}.Debug|x64.Build.0 = Debug|x64
		{CE18C513-D50D-4A22-BD35-C882F6E39824}.Release_DEV|x64.ActiveCfg = Release|x64
		{CE18C513-D50D-4A22-BD35-C882F6E39824}.Release|x64.ActiveCfg = Release|x64
		{6F24A0A0-4814-4347-83B2-8B7FF88842D5}.Debug_MFC|x64.ActiveCfg = Debug_MFC|x64
		{6F24A0A0-4814-4347-83B2-8B7FF88842D5}.Debug_MFC|x64.Build.0 = Debug_MFC|x64
		{6F24A0A0-4814-4347-83B2-8B7FF88842D5}.Debug|x64.ActiveCfg = Debug|x64
		{6F24A0A0-4814-4347-83B2-8B7FF88842D5}.Debug|x64.Build.0 = Debug|x64
		{6F24A0A0-4814-4347-83B2-8B7FF88842D5}.Release_DEV|x64.ActiveCfg = Release|x64
		{6F24A0A0-4814-4347-83B2-8B7FF88842D5}.Release|x64.ActiveCfg = Release|x64
		{DCBBABC9-2FBA-4BE1-A20F-94DBD118D2B8}.Debug_MFC|x64.ActiveCfg = Debug|x64
		{DCBBABC9-2FBA-4BE1-A20F-94DBD118D2B8}.Debug_MFC|x64.Build.0 = Debug|x64
		{DCBBABC9-2FBA-4BE1-A20F-94DBD118D2B8}.Debug|x64.ActiveCfg = Debug|x64
		{DCBBABC9-2FBA-4BE1-A20F-94DBD118D2B8}.Debug|x64.Build.0 = Debug|x64
		{DCBBABC9-2FBA-4BE1-A20F-94DBD118D2B8}.Release_DEV|x64.ActiveCfg = Release|x64
		{DCBBABC9-2FBA-4BE1-A20F-94DBD118D2B8}.Release|x64.ActiveCfg = Release|x64
		{DFB5E577-2BDA-4D14-A0E9-7C00F708EE14}.Debug_MFC|x64.ActiveCfg = Debug|x64
		{DFB5E577-2BDA-4D14-A0E9-7C00F708EE14}.Debug_MFC|x64.Build.0 = Debug|x64
		{DFB5E577-2BDA-4D14-A0E9-7C00F708EE14}.Debug|x64.ActiveCfg = Debug|x64
		{DFB5E577-2BDA-4D14-A0E9-7C00F708EE14}.Debug|x64.Build.0 = Debug|x64
		{DFB5E577-2BDA-4D14-A0E9-7C00F708EE14}.Release_DEV|x64.ActiveCfg = Release|x64
		{DFB5E577-2BDA-4D14-A0E9-7C00F708EE14}.Release|x64.ActiveCfg = Release|x64
		{524D8721-4984-4F55-A543-7071A5935E49}.Debug_MFC|x64.ActiveCfg = Debug|x64
		{524D8721-4984-4F55-A543-7071A5935E49}.Debug_MFC|x64.Build.0 = Debug|x64
		{524D8721-4984-4F55-A543-7071A5935E49}.Debug|x64.ActiveCfg = Debug|x64
		{524D8721-4984-4F55-A543-7071A5935E49}.Debug|x64.Build.0 = Debug|x64
		{524D8721-4984-4F55-A543-7071A5935E49}.Release_DEV|x64.ActiveCfg = Release|x64
		{524D8721-4984-4F55-A543-7071A5935E49}.Release|x64.ActiveCfg = Release|x64
		{800329DC-4341-4F33-9183-BE008D9728B4}.Debug_MFC|x64.ActiveCfg = Debug|x64
		{800329DC-4341-4F33-9183-BE008D9728B4}.Debug_MFC|x64.Build.0 = Debug|x64
		{800329DC-4341-4F33-9183-BE008D9728B4}.Debug|x64.ActiveCfg = Debug|x64
		{800329DC-4341-4F33-9183-BE008D9728B4}.Debug|x64.Build.0 = Debug|x64
		{800329DC-4341-4F33-9183-BE008D9728B4}.Release_DEV|x64.ActiveCfg = Release|x64
		{800329DC-4341-4F33-9183-BE008D9728B4}.Release|x64.ActiveCfg = Release|x64
		{9296F465-F351-4B19-92FA-AE8377770FAF}.Debug_MFC|x64.ActiveCfg = Debug|x64
		{9296F465-F351-4B19-92FA-AE8377770FAF}.Debug_MFC|x64.Build.0 = Debug|x64
		{9296F465-F351-4B19-92FA-AE8377770FAF}.Debug|x64.ActiveCfg = Debug|x64
		{9296F465-F351-4B19-92FA-AE8377770FAF}.Debug|x64.Build.0 = Debug|x64
		{9296F465-F351-4B19-92FA-AE8377770FAF}.Release_DEV|x64.ActiveCfg = Release|x64
		{9296F465-F351-4B19-92FA-AE8377770FAF}.Release|x64.ActiveCfg = Release|x64
		{D8E04EFE-557D-4D71-8715-8D1E9C747A4A}.Debug_MFC|x64.ActiveCfg = Debug|x64
		{D8E04EFE-557D-4D71-8715-8D1E9C747A4A}.Debug_MFC|x64.Build.0 = Debug|x64
		{D8E04EFE-557D-4D71-8715-8D1E9C747A4A}.Debug|x64.ActiveCfg = Debug|x64
		{D8E04EFE-557D-4D71-8715-8D1E9C747A4A}.Release_DEV|x64.ActiveCfg = Release|x64
		{D8E04EFE-557D-4D71-8715-8D1E9C747A4A}.Release|x64.ActiveCfg = Release|x64
		{E142DFEC-A420-448D-B10B-91FAA5EEC28D}.Debug_MFC|x64.ActiveCfg = Debug_MFC|x64
		{E142DFEC-A420-448D-B10B-91FAA5EEC28D}.Debug_MFC|x64.Build.0 = Debug_MFC|x64
		{E142DFEC-A420-448D-B10B-91FAA5EEC28D}.Debug|x64.ActiveCfg = Debug|x64
		{E142DFEC-A420-448D-B10B-91FAA5EEC28D}.Debug|x64.Build.0 = Debug|x64
		{E142DFEC-A420-448D-B10B-91FAA5EEC28D}.Release_DEV|x64.ActiveCfg = Release|x64
		{E142DFEC-A420-448D-B10B-91FAA5EEC28D}.Release|x64.ActiveCfg = Release|x64
		{B810FD10-8352-42BC-A386-99A92C7BF732}.Debug_MFC|x64.ActiveCfg = Debug_MFC|x64
		{B810FD10-8352-42BC-A386-99A92C7BF732}.Debug_MFC|x64.Build.0 = Debug_MFC|x64
		{B810FD10-8352-42BC-A386-99A92C7BF732}.Debug|x64.ActiveCfg = Debug|x64
		{B810FD10-8352-42BC-A386-99A92C7BF732}.Debug|x64.Build.0 = Debug|x64
		{B810FD10-8352-42BC-A386-99A92C7BF732}.Release_DEV|x64.ActiveCfg = Release|x64
		{B810FD10-8352-42BC-A386-99A92C7BF732}.Release_DEV|x64.Build.0 = Release|x64
		{B810FD10-8352-42BC-A386-99A92C7BF732}.Release|x64.ActiveCfg = Release|x64
		{B810FD10-8352-42BC-A386-99A92C7BF732}.Release|x64.Build.0 = Release|x64
		{476FE1C5-A2CC-4F7C-A5C2-0668DB2A2101}.Debug_MFC|x64.ActiveCfg = Debug_MFC|x64
		{476FE1C5-A2CC-4F7C-A5C2-0668DB2A2101}.Debug_MFC|x64.Build.0 = Debug_MFC|x64
		{476FE1C5-A2CC-4F7C-A5C2-0668DB2A2101}.Debug|x64.ActiveCfg = Debug|x64
		{476FE1C5-A2CC-4F7C-A5C2-0668DB2A2101}.Debug|x64.Build.0 = Debug|x64
		{476FE1C5-A2CC-4F7C-A5C2-0668DB2A2101}.Release_DEV|x64.ActiveCfg = Release|x64
		{476FE1C5-A2CC-4F7C-A5C2-0668DB2A2101}.Release_DEV|x64.Build.0 = Release|x64
		{476FE1C5-A2CC-4F7C-A5C2-0668DB2A2101}.Release|x64.ActiveCfg = Release|x64
		{476FE1C5-A2CC-4F7C-A5C2-0668DB2A2101}.Release|x64.Build.0 = Release|x64
		{71A3A3D1-3A08-4F3A-AD74-2BF749474961}.Debug_MFC|x64.ActiveCfg = Debug|x64
		{71A3A3D1-3A08-4F3A-AD74-2BF749474961}.Debug_MFC|x64.Build.0 = Debug|x64
		{71A3A3D1-3A08-4F3A-AD74-2BF749474961}.Debug|x64.ActiveCfg = Debug|x64
		{71A3A3D1-3A08-4F3A-AD74-2BF749474961}.Debug|x64.Build.0 = Debug|x64
		{71A3A3D1-3A08-4F3A-AD74-2BF749474961}.Release_DEV|x64.ActiveCfg = Release|x64
		{71A3A3D1-3A08-4F3A-AD74-2BF749474961}.Release|x64.ActiveCfg = Release|x64
		{2990E65D-3F3E-4E73-932D-C2887D7E7237}.Debug_MFC|x64.ActiveCfg = Debug|x64
		{2990E65D-3F3E-4E73-932D-C2887D7E7237}.Debug_MFC|x64.Build.0 = Debug|x64
		{2990E65D-3F3E-4E73-932D-C2887D7E7237}.Debug|x64.ActiveCfg = Debug|x64
		{2990E65D-3F3E-4E73-932D-C2887D7E7237}.Debug|x64.Build.0 = Debug|x64
		{2990E65D-3F3E-4E73-932D-C2887D7E7237}.Release_DEV|x64.ActiveCfg = Release|x64
		{2990E65D-3F3E-4E73-932D-C2887D7E7237}.Release|x64.ActiveCfg = Release|x64
		{F1AF8B3A-8F4E-8B45-986C-AE2903741D1B}.Debug_MFC|x64.ActiveCfg = Debug|x64
		{F1AF8B3A-8F4E-8B45-986C-AE2903741D1B}.Debug_MFC|x64.Build.0 = Debug|x64
		{F1AF8B3A-8F4E-8B45-986C-AE2903741D1B}.Debug|x64.ActiveCfg = Debug|x64
		{F1AF8B3A-8F4E-8B45-986C-AE2903741D1B}.Debug|x64.Build.0 = Debug|x64
		{F1AF8B3A-8F4E-8B45-986C-AE2903741D1B}.Release_DEV|x64.ActiveCfg = Release|x64
		{F1AF8B3A-8F4E-8B45-986C-AE2903741D1B}.Release|x64.ActiveCfg = Release|x64
		{62A63E59-424A-4A8D-9092-7A4AC20DFBD5}.Debug_MFC|x64.ActiveCfg = Debug|x64
		{62A63E59-424A-4A8D-9092-7A4AC20DFBD5}.Debug_MFC|x64.Build.0 = Debug|x64
		{62A63E59-424A-4A8D-9092-7A4AC20DFBD5}.Debug|x64.ActiveCfg = Debug|x64
		{62A63E59-424A-4A8D-9092-7A4AC20DFBD5}.Debug|x64.Build.0 = Debug|x64
		{62A63E59-424A-4A8D-9092-7A4AC20DFBD5}.Release_DEV|x64.ActiveCfg = Release|x64
		{62A63E59-424A-4A8D-9092-7A4AC20DFBD5}.Release|x64.ActiveCfg = Release|x64
		{32290DA9-7D49-4829-A92A-B079CA5DCC63}.Debug_MFC|x64.ActiveCfg = Debug|x64
		{32290DA9-7D49-4829-A92A-B079CA5DCC63}.Debug_MFC|x64.Build.0 = Debug|x64
		{32290DA9-7D49-4829-A92A-B079CA5DCC63}.Debug|x64.ActiveCfg = Debug|x64
		{32290DA9-7D49-4829-A92A-B079CA5DCC63}.Debug|x64.Build.0 = Debug|x64
		{32290DA9-7D49-4829-A92A-B079CA5DCC63}.Release_DEV|x64.ActiveCfg = Release|x64
		{32290DA9-7D49-4829-A92A-B079CA5DCC63}.Release_DEV|x64.Build.0 = Release|x64
		{32290DA9-7D49-4829-A92A-B079CA5DCC63}.Release|x64.ActiveCfg = Release|x64
		{32290DA9-7D49-4829-A92A-B079CA5DCC63}.Release|x64.Build.0 = Release|x64
		{5C3B0144-30D9-448A-ADAD-6646A492CA8A}.Debug_MFC|x64.ActiveCfg = Debug|x64
		{5C3B0144-30D9-448A-ADAD-6646A492CA8A}.Debug_MFC|x64.Build.0 = Debug|x64
		{5C3B0144-30D9-448A-ADAD-6646A492CA8A}.Debug|x64.ActiveCfg = Debug|x64
		{5C3B0144-30D9-448A-ADAD-6646A492CA8A}.Debug|x64.Build.0 = Debug|x64
		{5C3B0144-30D9-448A-ADAD-6646A492CA8A}.Release_DEV|x64.ActiveCfg = Release|x64
		{5C3B0144-30D9-448A-ADAD-6646A492CA8A}.Release|x64.ActiveCfg = Release|x64
		{1739EA89-983D-48C6-AC0B-9644E83A37C3}.Debug_MFC|x64.ActiveCfg = Debug|x64
		{1739EA89-983D-48C6-AC0B-9644E83A37C3}.Debug_MFC|x64.Build.0 = Debug|x64
		{1739EA89-983D-48C6-AC0B-9644E83A37C3}.Debug|x64.ActiveCfg = Debug|x64
		{1739EA89-983D-48C6-AC0B-9644E83A37C3}.Debug|x64.Build.0 = Debug|x64
		{1739EA89-983D-48C6-AC0B-9644E83A37C3}.Release_DEV|x64.ActiveCfg = Release|x64
		{1739EA89-983D-48C6-AC0B-9644E83A37C3}.Release|x64.ActiveCfg = Release|x64
		{2F15AE1B-A505-4720-B3D7-1CE8906D6428}.Debug_MFC|x64.ActiveCfg = Debug|x64
		{2F15AE1B-A505-4720-B3D7-1CE8906D6428}.Debug_MFC|x64.Build.0 = Debug|x64
		{2F15AE1B-A505-4720-B3D7-1CE8906D6428}.Debug|x64.ActiveCfg = Debug|x64
		{2F15AE1B-A505-4720-B3D7-1CE8906D6428}.Debug|x64.Build.0 = Debug|x64
		{2F15AE1B-A505-4720-B3D7-1CE8906D6428}.Release_DEV|x64.ActiveCfg = Release|x64
		{2F15AE1B-A505-4720-B3D7-1CE8906D6428}.Release|x64.ActiveCfg = Release|x64
		{427BB684-91F3-40DC-9BB8-6673301FD5B1}.Debug_MFC|x64.ActiveCfg = Debug|x64
		{427BB684-91F3-40DC-9BB8-6673301FD5B1}.Debug_MFC|x64.Build.0 = Debug|x64
		{427BB684-91F3-40DC-9BB8-6673301FD5B1}.Debug|x64.ActiveCfg = Debug|x64
		{427BB684-91F3-40DC-9BB8-6673301FD5B1}.Debug|x64.Build.0 = Debug|x64
		{427BB684-91F3-40DC-9BB8-6673301FD5B1}.Release_DEV|x64.ActiveCfg = Release|x64
		{427BB684-91F3-40DC-9BB8-6673301FD5B1}.Release|x64.ActiveCfg = Release|x64
		{921F43E2-885A-442A-9D9B-A0DC1BD26F14}.Debug_MFC|x64.ActiveCfg = Debug|x64
		{921F43E2-885A-442A-9D9B-A0DC1BD26F14}.Debug_MFC|x64.Build.0 = Debug|x64
		{921F43E2-885A-442A-9D9B-A0DC1BD26F14}.Debug|x64.ActiveCfg = Debug|x64
		{921F43E2-885A-442A-9D9B-A0DC1BD26F14}.Debug|x64.Build.0 = Debug|x64
		{921F43E2-885A-442A-9D9B-A0DC1BD26F14}.Release_DEV|x64.ActiveCfg = Release|x64
		{921F43E2-885A-442A-9D9B-A0DC1BD26F14}.Release|x64.ActiveCfg = Release|x64
		{60776DE8-ACA1-4286-825E-1223AA0BB127}.Debug_MFC|x64.ActiveCfg = Debug|x64
		{60776DE8-ACA1-4286-825E-1223AA0BB127}.Debug_MFC|x64.Build.0 = Debug|x64
		{60776DE8-ACA1-4286-825E-1223AA0BB127}.Debug|x64.ActiveCfg = Debug|x64
		{60776DE8-ACA1-4286-825E-1223AA0BB127}.Debug|x64.Build.0 = Debug|x64
		{60776DE8-ACA1-4286-825E-1223AA0BB127}.Release_DEV|x64.ActiveCfg = Release|x64
		{60776DE8-ACA1-4286-825E-1223AA0BB127}.Release|x64.ActiveCfg = Release|x64
		{13070311-B8C1-483D-BF55-7838CA9F72CA}.Debug_MFC|x64.ActiveCfg = Debug|x64
		{13070311-B8C1-483D-BF55-7838CA9F72CA}.Debug_MFC|x64.Build.0 = Debug|x64
		{13070311-B8C1-483D-BF55-7838CA9F72CA}.Debug|x64.ActiveCfg = Debug|x64
		{13070311-B8C1-483D-BF55-7838CA9F72CA}.Debug|x64.Build.0 = Debug|x64
		{13070311-B8C1-483D-BF55-7838CA9F72CA}.Release_DEV|x64.ActiveCfg = Release|x64
		{13070311-B8C1-483D-BF55-7838CA9F72CA}.Release|x64.ActiveCfg = Release|x64
		{F3C9670E-5889-4BF6-ACB3-08C9A78F8544}.Debug_MFC|x64.ActiveCfg = Debug|x64
		{F3C9670E-5889-4BF6-ACB3-08C9A78F8544}.Debug_MFC|x64.Build.0 = Debug|x64
		{F3C9670E-5889-4BF6-ACB3-08C9A78F8544}.Debug|x64.ActiveCfg = Debug|x64
		{F3C9670E-5889-4BF6-ACB3-08C9A78F8544}.Debug|x64.Build.0 = Debug|x64
		{F3C9670E-5889-4BF6-ACB3-08C9A78F8544}.Release_DEV|x64.ActiveCfg = Release|x64
		{F3C9670E-5889-4BF6-ACB3-08C9A78F8544}.Release|x64.ActiveCfg = Release|x64
		{7A0B0F2A-0110-4F58-BE43-137B98581F17}.Debug_MFC|x64.ActiveCfg = Debug|x64
		{7A0B0F2A-0110-4F58-BE43-137B98581F17}.Debug_MFC|x64.Build.0 = Debug|x64
		{7A0B0F2A-0110-4F58-BE43-137B98581F17}.Debug|x64.ActiveCfg = Debug|x64
		{7A0B0F2A-0110-4F58-BE43-137B98581F17}.Debug|x64.Build.0 = Debug|x64
		{7A0B0F2A-0110-4F58-BE43-137B98581F17}.Release_DEV|x64.ActiveCfg = Release|x64
		{7A0B0F2A-0110-4F58-BE43-137B98581F17}.Release|x64.ActiveCfg = Release|x64
		{42CE5B34-8F53-465F-BB5C-8A8D3B6CD0A0}.Debug_MFC|x64.ActiveCfg = Debug|x64
		{42CE5B34-8F53-465F-BB5C-8A8D3B6CD0A0}.Debug_MFC|x64.Build.0 = Debug|x64
		{42CE5B34-8F53-465F-BB5C-8A8D3B6CD0A0}.Debug|x64.ActiveCfg = Debug|x64
		{42CE5B34-8F53-465F-BB5C-8A8D3B6CD0A0}.Debug|x64.Build.0 = Debug|x64
		{42CE5B34-8F53-465F-BB5C-8A8D3B6CD0A0}.Release_DEV|x64.ActiveCfg = Release|x64
		{42CE5B34-8F53-465F-BB5C-8A8D3B6CD0A0}.Release|x64.ActiveCfg = Release|x64
		{1BF80F3A-19A2-4CA8-A4FF-6AC9F6FF7E3D}.Debug_MFC|x64.ActiveCfg = Debug|x64
		{1BF80F3A-19A2-4CA8-A4FF-6AC9F6FF7E3D}.Debug_MFC|x64.Build.0 = Debug|x64
		{1BF80F3A-19A2-4CA8-A4FF-6AC9F6FF7E3D}.Debug|x64.ActiveCfg = Debug|x64
		{1BF80F3A-19A2-4CA8-A4FF-6AC9F6FF7E3D}.Debug|x64.Build.0 = Debug|x64
		{1BF80F3A-19A2-4CA8-A4FF-6AC9F6FF7E3D}.Release_DEV|x64.ActiveCfg = Release|x64
		{1BF80F3A-19A2-4CA8-A4FF-6AC9F6FF7E3D}.Release|x64.ActiveCfg = Release|x64
		{097704F2-F466-4563-A34E-A0D24EB51057}.Debug_MFC|x64.ActiveCfg = Debug|x64
		{097704F2-F466-4563-A34E-A0D24EB51057}.Debug_MFC|x64.Build.0 = Debug|x64
		{097704F2-F466-4563-A34E-A0D24EB51057}.Debug|x64.ActiveCfg = Debug|x64
		{097704F2-F466-4563-A34E-A0D24EB51057}.Debug|x64.Build.0 = Debug|x64
		{097704F2-F466-4563-A34E-A0D24EB51057}.Release_DEV|x64.ActiveCfg = Release|x64
		{097704F2-F466-4563-A34E-A0D24EB51057}.Release|x64.ActiveCfg = Release|x64
		{D04C8FBA-C46A-41D1-A4E7-EEA1C759FB67}.Debug_MFC|x64.ActiveCfg = Debug|x64
		{D04C8FBA-C46A-41D1-A4E7-EEA1C759FB67}.Debug_MFC|x64.Build.0 = Debug|x64
		{D04C8FBA-C46A-41D1-A4E7-EEA1C759FB67}.Debug|x64.ActiveCfg = Debug|x64
		{D04C8FBA-C46A-41D1-A4E7-EEA1C759FB67}.Debug|x64.Build.0 = Debug|x64
		{D04C8FBA-C46A-41D1-A4E7-EEA1C759FB67}.Release_DEV|x64.ActiveCfg = Release|x64
		{D04C8FBA-C46A-41D1-A4E7-EEA1C759FB67}.Release|x64.ActiveCfg = Release|x64
		{E277C27D-4538-4D03-B6A7-84233061BC2E}.Debug_MFC|x64.ActiveCfg = Debug|x64
		{E277C27D-4538-4D03-B6A7-84233061BC2E}.Debug_MFC|x64.Build.0 = Debug|x64
		{E277C27D-4538-4D03-B6A7-84233061BC2E}.Debug|x64.ActiveCfg = Debug|x64
		{E277C27D-4538-4D03-B6A7-84233061BC2E}.Debug|x64.Build.0 = Debug|x64
		{E277C27D-4538-4D03-B6A7-84233061BC2E}.Release_DEV|x64.ActiveCfg = Release|x64
		{E277C27D-4538-4D03-B6A7-84233061BC2E}.Release|x64.ActiveCfg = Release|x64
		{7104A262-0307-4D95-AC45-ABC8C08712F9}.Debug_MFC|x64.ActiveCfg = Debug|x64
		{7104A262-0307-4D95-AC45-ABC8C08712F9}.Debug_MFC|x64.Build.0 = Debug|x64
		{7104A262-0307-4D95-AC45-ABC8C08712F9}.Debug|x64.ActiveCfg = Debug|x64
		{7104A262-0307-4D95-AC45-ABC8C08712F9}.Release_DEV|x64.ActiveCfg = Release|x64
		{7104A262-0307-4D95-AC45-ABC8C08712F9}.Release|x64.ActiveCfg = Release|x64
		{9668A4BF-3FD7-428A-975B-EDA642F6F02A}.Debug_MFC|x64.ActiveCfg = Debug|x64
		{9668A4BF-3FD7-428A-975B-EDA642F6F02A}.Debug_MFC|x64.Build.0 = Debug|x64
		{9668A4BF-3FD7-428A-975B-EDA642F6F02A}.Debug|x64.ActiveCfg = Debug|x64
		{9668A4BF-3FD7-428A-975B-EDA642F6F02A}.Release_DEV|x64.ActiveCfg = Release|x64
		{9668A4BF-3FD7-428A-975B-EDA642F6F02A}.Release|x64.ActiveCfg = Release|x64
		{14064DDB-1539-4304-B4BE-7D6CC09EFB50}.Debug_MFC|x64.ActiveCfg = Debug|x64
		{14064DDB-1539-4304-B4BE-7D6CC09EFB50}.Debug_MFC|x64.Build.0 = Debug|x64
		{14064DDB-1539-4304-B4BE-7D6CC09EFB50}.Debug|x64.ActiveCfg = Debug|x64
		{14064DDB-1539-4304-B4BE-7D6CC09EFB50}.Release_DEV|x64.ActiveCfg = Release|x64
		{14064DDB-1539-4304-B4BE-7D6CC09EFB50}.Release|x64.ActiveCfg = Release|x64
		{D0EE23B2-F808-4678-8487-FE60D3010D43}.Debug_MFC|x64.ActiveCfg = Debug|x64
		{D0EE23B2-F808-4678-8487-FE60D3010D43}.Debug_MFC|x64.Build.0 = Debug|x64
		{D0EE23B2-F808-4678-8487-FE60D3010D43}.Debug|x64.ActiveCfg = Debug|x64
		{D0EE23B2-F808-4678-8487-FE60D3010D43}.Release_DEV|x64.ActiveCfg = Release|x64
		{D0EE23B2-F808-4678-8487-FE60D3010D43}.Release|x64.ActiveCfg = Release|x64
		{D7984FBF-B429-4E34-80D9-F36371A4387F}.Debug_MFC|x64.ActiveCfg = Debug|x64
		{D7984FBF-B429-4E34-80D9-F36371A4387F}.Debug_MFC|x64.Build.0 = Debug|x64
		{D7984FBF-B429-4E34-80D9-F36371A4387F}.Debug|x64.ActiveCfg = Debug|x64
		{D7984FBF-B429-4E34-80D9-F36371A4387F}.Release_DEV|x64.ActiveCfg = Release|x64
		{D7984FBF-B429-4E34-80D9-F36371A4387F}.Release|x64.ActiveCfg = Release|x64
		{A3B773E5-FE16-4AA3-8225-AC4ED86E6226}.Debug_MFC|x64.ActiveCfg = Debug|x64
		{A3B773E5-FE16-4AA3-8225-AC4ED86E6226}.Debug_MFC|x64.Build.0 = Debug|x64
		{A3B773E5-FE16-4AA3-8225-AC4ED86E6226}.Debug|x64.ActiveCfg = Debug|x64
		{A3B773E5-FE16-4AA3-8225-AC4ED86E6226}.Release_DEV|x64.ActiveCfg = Release|x64
		{A3B773E5-FE16-4AA3-8225-AC4ED86E6226}.Release|x64.ActiveCfg = Release|x64
		{88FCEB3D-3CFD-4144-B62D-15B5F0DFA35D}.Debug_MFC|x64.ActiveCfg = Debug|x64
		{88FCEB3D-3CFD-4144-B62D-15B5F0DFA35D}.Debug_MFC|x64.Build.0 = Debug|x64
		{88FCEB3D-3CFD-4144-B62D-15B5F0DFA35D}.Debug|x64.ActiveCfg = Debug|x64
		{88FCEB3D-3CFD-4144-B62D-15B5F0DFA35D}.Release_DEV|x64.ActiveCfg = Release|x64
		{88FCEB3D-3CFD-4144-B62D-15B5F0DFA35D}.Release|x64.ActiveCfg = Release|x64
		{7447859F-C697-49FC-8BDB-25171BBD00EF}.Debug_MFC|x64.ActiveCfg = Debug|x64
		{7447859F-C697-49FC-8BDB-25171BBD00EF}.Debug_MFC|x64.Build.0 = Debug|x64
		{7447859F-C697-49FC-8BDB-25171BBD00EF}.Debug|x64.ActiveCfg = Debug|x64
		{7447859F-C697-49FC-8BDB-25171BBD00EF}.Release_DEV|x64.ActiveCfg = Release|x64
		{7447859F-C697-49FC-8BDB-25171BBD00EF}.Release|x64.ActiveCfg = Release|x64
		{85FC7190-DA2F-496D-92C3-CA7E8EFC5BB5}.Debug_MFC|x64.ActiveCfg = Debug|x64
		{85FC7190-DA2F-496D-92C3-CA7E8EFC5BB5}.Debug_MFC|x64.Build.0 = Debug|x64
		{85FC7190-DA2F-496D-92C3-CA7E8EFC5BB5}.Debug|x64.ActiveCfg = Debug|x64
		{85FC7190-DA2F-496D-92C3-CA7E8EFC5BB5}.Release_DEV|x64.ActiveCfg = Release|x64
		{85FC7190-DA2F-496D-92C3-CA7E8EFC5BB5}.Release|x64.ActiveCfg = Release|x64
		{DC492022-2BC4-4D51-AF6F-FC1093359ADE}.Debug_MFC|x64.ActiveCfg = Debug|x64
		{DC492022-2BC4-4D51-AF6F-FC1093359ADE}.Debug_MFC|x64.Build.0 = Debug|x64
		{DC492022-2BC4-4D51-AF6F-FC1093359ADE}.Debug|x64.ActiveCfg = Debug|x64
		{DC492022-2BC4-4D51-AF6F-FC1093359ADE}.Release_DEV|x64.ActiveCfg = Release|x64
		{DC492022-2BC4-4D51-AF6F-FC1093359ADE}.Release|x64.ActiveCfg = Release|x64
		{C448AFDD-35F3-4D94-B8B4-37F691812AAB}.Debug_MFC|x64.ActiveCfg = Debug|x64
		{C448AFDD-35F3-4D94-B8B4-37F691812AAB}.Debug_MFC|x64.Build.0 = Debug|x64
		{C448AFDD-35F3-4D94-B8B4-37F691812AAB}.Debug|x64.ActiveCfg = Debug|x64
		{C448AFDD-35F3-4D94-B8B4-37F691812AAB}.Release_DEV|x64.ActiveCfg = Release|x64
		{C448AFDD-35F3-4D94-B8B4-37F691812AAB}.Release|x64.ActiveCfg = Release|x64
		{743B84EF-DCFF-4498-AA25-CF5E45F41370}.Debug_MFC|x64.ActiveCfg = Debug|x64
		{743B84EF-DCFF-4498-AA25-CF5E45F41370}.Debug_MFC|x64.Build.0 = Debug|x64
		{743B84EF-DCFF-4498-AA25-CF5E45F41370}.Debug|x64.ActiveCfg = Debug|x64
		{743B84EF-DCFF-4498-AA25-CF5E45F41370}.Release_DEV|x64.ActiveCfg = Release|x64
		{743B84EF-DCFF-4498-AA25-CF5E45F41370}.Release|x64.ActiveCfg = Release|x64
		{7273A11C-BBFE-4446-8003-FC69E9AE628F}.Debug_MFC|x64.ActiveCfg = Release|x64
		{7273A11C-BBFE-4446-8003-FC69E9AE628F}.Debug_MFC|x64.Build.0 = Release|x64
		{7273A11C-BBFE-4446-8003-FC69E9AE628F}.Debug|x64.ActiveCfg = Release|x64
		{7273A11C-BBFE-4446-8003-FC69E9AE628F}.Release_DEV|x64.ActiveCfg = Release|x64
		{7273A11C-BBFE-4446-8003-FC69E9AE628F}.Release|x64.ActiveCfg = Release|x64
		{4A55AD2B-497D-4457-850A-B2FCCF68C85D}.Debug_MFC|x64.ActiveCfg = Release|x64
		{4A55AD2B-497D-4457-850A-B2FCCF68C85D}.Debug_MFC|x64.Build.0 = Release|x64
		{4A55AD2B-497D-4457-850A-B2FCCF68C85D}.Debug|x64.ActiveCfg = Release|x64
		{4A55AD2B-497D-4457-850A-B2FCCF68C85D}.Release_DEV|x64.ActiveCfg = Release|x64
		{4A55AD2B-497D-4457-850A-B2FCCF68C85D}.Release|x64.ActiveCfg = Release|x64
		{045A270F-8DA4-4D71-B31D-D4F4B65B36BC}.Debug_MFC|x64.ActiveCfg = Release|x64
		{045A270F-8DA4-4D71-B31D-D4F4B65B36BC}.Debug_MFC|x64.Build.0 = Release|x64
		{045A270F-8DA4-4D71-B31D-D4F4B65B36BC}.Debug|x64.ActiveCfg = Release|x64
		{045A270F-8DA4-4D71-B31D-D4F4B65B36BC}.Release_DEV|x64.ActiveCfg = Release|x64
		{045A270F-8DA4-4D71-B31D-D4F4B65B36BC}.Release|x64.ActiveCfg = Release|x64
		{010D6AEF-C78D-42DD-88EA-F51FFC4E9F27}.Debug_MFC|x64.ActiveCfg = Release|x64
		{010D6AEF-C78D-42DD-88EA-F51FFC4E9F27}.Debug_MFC|x64.Build.0 = Release|x64
		{010D6AEF-C78D-42DD-88EA-F51FFC4E9F27}.Debug|x64.ActiveCfg = Debug|x64
		{010D6AEF-C78D-42DD-88EA-F51FFC4E9F27}.Release_DEV|x64.ActiveCfg = Release|x64
		{010D6AEF-C78D-42DD-88EA-F51FFC4E9F27}.Release|x64.ActiveCfg = Release|x64
		{88D34E6C-DFE9-40C2-BE09-88C0BF85F854}.Debug_MFC|x64.ActiveCfg = Release|x64
		{88D34E6C-DFE9-40C2-BE09-88C0BF85F854}.Debug_MFC|x64.Build.0 = Release|x64
		{88D34E6C-DFE9-40C2-BE09-88C0BF85F854}.Debug|x64.ActiveCfg = Debug|x64
		{88D34E6C-DFE9-40C2-BE09-88C0BF85F854}.Release_DEV|x64.ActiveCfg = Release|x64
		{88D34E6C-DFE9-40C2-BE09-88C0BF85F854}.Release|x64.ActiveCfg = Release|x64
		{F7826823-8575-4857-8892-BBFA9AE15339}.Debug_MFC|x64.ActiveCfg = Release|x64
		{F7826823-8575-4857-8892-BBFA9AE15339}.Debug_MFC|x64.Build.0 = Release|x64
		{F7826823-8575-4857-8892-BBFA9AE15339}.Debug|x64.ActiveCfg = Debug|x64
		{F7826823-8575-4857-8892-BBFA9AE15339}.Release_DEV|x64.ActiveCfg = Release|x64
		{F7826823-8575-4857-8892-BBFA9AE15339}.Release|x64.ActiveCfg = Release|x64
		{F2653462-B1FE-4FFB-9520-39F1CAC7CEBE}.Debug_MFC|x64.ActiveCfg = Debug|x64
		{F2653462-B1FE-4FFB-9520-39F1CAC7CEBE}.Debug_MFC|x64.Build.0 = Debug|x64
		{F2653462-B1FE-4FFB-9520-39F1CAC7CEBE}.Debug|x64.ActiveCfg = Debug|x64
		{F2653462-B1FE-4FFB-9520-39F1CAC7CEBE}.Debug|x64.Build.0 = Debug|x64
		{F2653462-B1FE-4FFB-9520-39F1CAC7CEBE}.Release_DEV|x64.ActiveCfg = Release|x64
		{F2653462-B1FE-4FFB-9520-39F1CAC7CEBE}.Release|x64.ActiveCfg = Release|x64
		{29D13647-2899-4969-8E41-2BE5D77AE335}.Debug_MFC|x64.ActiveCfg = Debug|x64
		{29D13647-2899-4969-8E41-2BE5D77AE335}.Debug_MFC|x64.Build.0 = Debug|x64
		{29D13647-2899-4969-8E41-2BE5D77AE335}.Debug|x64.ActiveCfg = Debug|x64
		{29D13647-2899-4969-8E41-2BE5D77AE335}.Debug|x64.Build.0 = Debug|x64
		{29D13647-2899-4969-8E41-2BE5D77AE335}.Release_DEV|x64.ActiveCfg = Release|x64
		{29D13647-2899-4969-8E41-2BE5D77AE335}.Release|x64.ActiveCfg = Release|x64
		{BE3C60B6-A9F9-4F44-A53E-9BB87516F0C6}.Debug_MFC|x64.ActiveCfg = Debug|x64
		{BE3C60B6-A9F9-4F44-A53E-9BB87516F0C6}.Debug_MFC|x64.Build.0 = Debug|x64
		{BE3C60B6-A9F9-4F44-A53E-9BB87516F0C6}.Debug|x64.ActiveCfg = Debug|x64
		{BE3C60B6-A9F9-4F44-A53E-9BB87516F0C6}.Debug|x64.Build.0 = Debug|x64
		{BE3C60B6-A9F9-4F44-A53E-9BB87516F0C6}.Release_DEV|x64.ActiveCfg = Release|x64
		{BE3C60B6-A9F9-4F44-A53E-9BB87516F0C6}.Release|x64.ActiveCfg = Release|x64
		{540EBCE3-A9EE-466D-A60B-D9172CA2EC9C}.Debug_MFC|x64.ActiveCfg = Debug|x64
		{540EBCE3-A9EE-466D-A60B-D9172CA2EC9C}.Debug_MFC|x64.Build.0 = Debug|x64
		{540EBCE3-A9EE-466D-A60B-D9172CA2EC9C}.Debug|x64.ActiveCfg = Debug|x64
		{540EBCE3-A9EE-466D-A60B-D9172CA2EC9C}.Debug|x64.Build.0 = Debug|x64
		{540EBCE3-A9EE-466D-A60B-D9172CA2EC9C}.Release_DEV|x64.ActiveCfg = Release|x64
		{540EBCE3-A9EE-466D-A60B-D9172CA2EC9C}.Release|x64.ActiveCfg = Release|x64
		{3004C97A-179A-4E3D-9923-262C6E37D757}.Debug_MFC|x64.ActiveCfg = Debug|x64
		{3004C97A-179A-4E3D-9923-262C6E37D757}.Debug_MFC|x64.Build.0 = Debug|x64
		{3004C97A-179A-4E3D-9923-262C6E37D757}.Debug|x64.ActiveCfg = Debug|x64
		{3004C97A-179A-4E3D-9923-262C6E37D757}.Debug|x64.Build.0 = Debug|x64
		{3004C97A-179A-4E3D-9923-262C6E37D757}.Release_DEV|x64.ActiveCfg = Release|x64
		{3004C97A-179A-4E3D-9923-262C6E37D757}.Release|x64.ActiveCfg = Release|x64
		{437D488B-8FF9-49CA-84B3-C1BBD9CB512D}.Debug_MFC|x64.ActiveCfg = Debug|x64
		{437D488B-8FF9-49CA-84B3-C1BBD9CB512D}.Debug_MFC|x64.Build.0 = Debug|x64
		{437D488B-8FF9-49CA-84B3-C1BBD9CB512D}.Debug|x64.ActiveCfg = Debug|x64
		{437D488B-8FF9-49CA-84B3-C1BBD9CB512D}.Debug|x64.Build.0 = Debug|x64
		{437D488B-8FF9-49CA-84B3-C1BBD9CB512D}.Release_DEV|x64.ActiveCfg = Release|x64
		{437D488B-8FF9-49CA-84B3-C1BBD9CB512D}.Release_DEV|x64.Build.0 = Release|x64
		{437D488B-8FF9-49CA-84B3-C1BBD9CB512D}.Release|x64.ActiveCfg = Release|x64
		{912F8253-0C8B-491C-A545-F2799A6A391B}.Debug_MFC|x64.ActiveCfg = Debug_MFC|x64
		{912F8253-0C8B-491C-A545-F2799A6A391B}.Debug_MFC|x64.Build.0 = Debug_MFC|x64
		{912F8253-0C8B-491C-A545-F2799A6A391B}.Debug|x64.ActiveCfg = Debug|x64
		{912F8253-0C8B-491C-A545-F2799A6A391B}.Debug|x64.Build.0 = Debug|x64
		{912F8253-0C8B-491C-A545-F2799A6A391B}.Release_DEV|x64.ActiveCfg = Release_DEV|x64
		{912F8253-0C8B-491C-A545-F2799A6A391B}.Release_DEV|x64.Build.0 = Release_DEV|x64
		{912F8253-0C8B-491C-A545-F2799A6A391B}.Release|x64.ActiveCfg = Release|x64
		{912F8253-0C8B-491C-A545-F2799A6A391B}.Release|x64.Build.0 = Release|x64
		{E95EB050-040E-49A9-940B-2E08C6661E9B}.Debug_MFC|x64.ActiveCfg = Debug|x64
		{E95EB050-040E-49A9-940B-2E08C6661E9B}.Debug_MFC|x64.Build.0 = Debug|x64
		{E95EB050-040E-49A9-940B-2E08C6661E9B}.Debug|x64.ActiveCfg = Debug|x64
		{E95EB050-040E-49A9-940B-2E08C6661E9B}.Release_DEV|x64.ActiveCfg = Release|x64
		{E95EB050-040E-49A9-940B-2E08C6661E9B}.Release_DEV|x64.Build.0 = Release|x64
		{E95EB050-040E-49A9-940B-2E08C6661E9B}.Release|x64.ActiveCfg = Release|x64
	EndGlobalSection
	GlobalSection(SolutionProperties) = preSolution
		HideSolutionNode = FALSE
	EndGlobalSection
	GlobalSection(NestedProjects) = preSolution
		{74CCEB02-B728-4E37-A90B-C7FC2FF4CA55} = {7D5EA0AB-A675-4EC6-B2F4-5FC11793E0B9}
		{27A953C4-2561-4FAF-9C5F-9A2C321DC686} = {7D5EA0AB-A675-4EC6-B2F4-5FC11793E0B9}
		{37409034-977A-44D0-BD68-2E048ADA1FB3} = {1556F2C7-F245-40C1-ADA3-FD418A27015A}
		{CE18C513-D50D-4A22-BD35-C882F6E39824} = {6B274093-0194-4289-BEE7-E462903792CB}
		{6F24A0A0-4814-4347-83B2-8B7FF88842D5} = {6B274093-0194-4289-BEE7-E462903792CB}
		{DCBBABC9-2FBA-4BE1-A20F-94DBD118D2B8} = {0E372124-1E54-4674-8D00-E7C3C7524754}
		{DFB5E577-2BDA-4D14-A0E9-7C00F708EE14} = {0E372124-1E54-4674-8D00-E7C3C7524754}
		{524D8721-4984-4F55-A543-7071A5935E49} = {F217F130-6B49-4053-AC27-3FEAD3572DB2}
		{800329DC-4341-4F33-9183-BE008D9728B4} = {F217F130-6B49-4053-AC27-3FEAD3572DB2}
		{9296F465-F351-4B19-92FA-AE8377770FAF} = {F217F130-6B49-4053-AC27-3FEAD3572DB2}
		{D8E04EFE-557D-4D71-8715-8D1E9C747A4A} = {7E6BDA28-A2C7-4B17-8B82-D1BF0F197730}
		{E142DFEC-A420-448D-B10B-91FAA5EEC28D} = {6B274093-0194-4289-BEE7-E462903792CB}
		{B810FD10-8352-42BC-A386-99A92C7BF732} = {7D5EA0AB-A675-4EC6-B2F4-5FC11793E0B9}
		{476FE1C5-A2CC-4F7C-A5C2-0668DB2A2101} = {7D5EA0AB-A675-4EC6-B2F4-5FC11793E0B9}
		{71A3A3D1-3A08-4F3A-AD74-2BF749474961} = {0E372124-1E54-4674-8D00-E7C3C7524754}
		{2990E65D-3F3E-4E73-932D-C2887D7E7237} = {0E372124-1E54-4674-8D00-E7C3C7524754}
		{F1AF8B3A-8F4E-8B45-986C-AE2903741D1B} = {40672473-41F2-4A3C-983C-F95C8473AD24}
		{62A63E59-424A-4A8D-9092-7A4AC20DFBD5} = {87B75376-8EFA-422D-AA84-8C73AB52244D}
		{32290DA9-7D49-4829-A92A-B079CA5DCC63} = {7D5EA0AB-A675-4EC6-B2F4-5FC11793E0B9}
		{5C3B0144-30D9-448A-ADAD-6646A492CA8A} = {0E372124-1E54-4674-8D00-E7C3C7524754}
		{1739EA89-983D-48C6-AC0B-9644E83A37C3} = {F217F130-6B49-4053-AC27-3FEAD3572DB2}
		{2F15AE1B-A505-4720-B3D7-1CE8906D6428} = {F217F130-6B49-4053-AC27-3FEAD3572DB2}
		{427BB684-91F3-40DC-9BB8-6673301FD5B1} = {87B75376-8EFA-422D-AA84-8C73AB52244D}
		{921F43E2-885A-442A-9D9B-A0DC1BD26F14} = {F217F130-6B49-4053-AC27-3FEAD3572DB2}
		{60776DE8-ACA1-4286-825E-1223AA0BB127} = {F217F130-6B49-4053-AC27-3FEAD3572DB2}
		{13070311-B8C1-483D-BF55-7838CA9F72CA} = {0E372124-1E54-4674-8D00-E7C3C7524754}
		{F3C9670E-5889-4BF6-ACB3-08C9A78F8544} = {F217F130-6B49-4053-AC27-3FEAD3572DB2}
		{7A0B0F2A-0110-4F58-BE43-137B98581F17} = {40672473-41F2-4A3C-983C-F95C8473AD24}
		{42CE5B34-8F53-465F-BB5C-8A8D3B6CD0A0} = {0E372124-1E54-4674-8D00-E7C3C7524754}
		{1BF80F3A-19A2-4CA8-A4FF-6AC9F6FF7E3D} = {1556F2C7-F245-40C1-ADA3-FD418A27015A}
		{097704F2-F466-4563-A34E-A0D24EB51057} = {F217F130-6B49-4053-AC27-3FEAD3572DB2}
		{D04C8FBA-C46A-41D1-A4E7-EEA1C759FB67} = {0E372124-1E54-4674-8D00-E7C3C7524754}
		{E277C27D-4538-4D03-B6A7-84233061BC2E} = {40672473-41F2-4A3C-983C-F95C8473AD24}
		{7104A262-0307-4D95-AC45-ABC8C08712F9} = {2470752C-2005-4BBD-8322-4F520B3DC803}
		{9668A4BF-3FD7-428A-975B-EDA642F6F02A} = {D819D8B8-8024-4B8E-88B3-CECFB3410472}
		{14064DDB-1539-4304-B4BE-7D6CC09EFB50} = {10870D09-9BD6-4E5C-81C7-190B9A269D22}
		{D0EE23B2-F808-4678-8487-FE60D3010D43} = {15C075F9-58D2-4459-A2B2-648DF09237FE}
		{D7984FBF-B429-4E34-80D9-F36371A4387F} = {344676C8-43D6-4BC0-9B9A-A5C1412786D4}
		{A3B773E5-FE16-4AA3-8225-AC4ED86E6226} = {344676C8-43D6-4BC0-9B9A-A5C1412786D4}
		{88FCEB3D-3CFD-4144-B62D-15B5F0DFA35D} = {344676C8-43D6-4BC0-9B9A-A5C1412786D4}
		{344676C8-43D6-4BC0-9B9A-A5C1412786D4} = {15C075F9-58D2-4459-A2B2-648DF09237FE}
		{7447859F-C697-49FC-8BDB-25171BBD00EF} = {8083DCD5-2505-4CA2-AF4D-E076B76B7BF2}
		{85FC7190-DA2F-496D-92C3-CA7E8EFC5BB5} = {10870D09-9BD6-4E5C-81C7-190B9A269D22}
		{DC492022-2BC4-4D51-AF6F-FC1093359ADE} = {10870D09-9BD6-4E5C-81C7-190B9A269D22}
		{C448AFDD-35F3-4D94-B8B4-37F691812AAB} = {D819D8B8-8024-4B8E-88B3-CECFB3410472}
		{743B84EF-DCFF-4498-AA25-CF5E45F41370} = {D819D8B8-8024-4B8E-88B3-CECFB3410472}
		{7273A11C-BBFE-4446-8003-FC69E9AE628F} = {FCD2BDD8-CB33-44A3-A723-F91A70D1A545}
		{4A55AD2B-497D-4457-850A-B2FCCF68C85D} = {FCD2BDD8-CB33-44A3-A723-F91A70D1A545}
		{045A270F-8DA4-4D71-B31D-D4F4B65B36BC} = {FCD2BDD8-CB33-44A3-A723-F91A70D1A545}
		{FCD2BDD8-CB33-44A3-A723-F91A70D1A545} = {7E6BDA28-A2C7-4B17-8B82-D1BF0F197730}
		{010D6AEF-C78D-42DD-88EA-F51FFC4E9F27} = {0091A3BF-E9EF-421E-9892-2C0CD35B662E}
		{88D34E6C-DFE9-40C2-BE09-88C0BF85F854} = {0091A3BF-E9EF-421E-9892-2C0CD35B662E}
		{F7826823-8575-4857-8892-BBFA9AE15339} = {0091A3BF-E9EF-421E-9892-2C0CD35B662E}
		{F2653462-B1FE-4FFB-9520-39F1CAC7CEBE} = {1556F2C7-F245-40C1-ADA3-FD418A27015A}
		{29D13647-2899-4969-8E41-2BE5D77AE335} = {F217F130-6B49-4053-AC27-3FEAD3572DB2}
		{BE3C60B6-A9F9-4F44-A53E-9BB87516F0C6} = {40672473-41F2-4A3C-983C-F95C8473AD24}
		{540EBCE3-A9EE-466D-A60B-D9172CA2EC9C} = {40672473-41F2-4A3C-983C-F95C8473AD24}
		{D819D8B8-8024-4B8E-88B3-CECFB3410472} = {2470752C-2005-4BBD-8322-4F520B3DC803}
		{10870D09-9BD6-4E5C-81C7-190B9A269D22} = {2470752C-2005-4BBD-8322-4F520B3DC803}
		{0091A3BF-E9EF-421E-9892-2C0CD35B662E} = {2470752C-2005-4BBD-8322-4F520B3DC803}
		{7E6BDA28-A2C7-4B17-8B82-D1BF0F197730} = {F217F130-6B49-4053-AC27-3FEAD3572DB2}
		{15C075F9-58D2-4459-A2B2-648DF09237FE} = {F217F130-6B49-4053-AC27-3FEAD3572DB2}
		{40672473-41F2-4A3C-983C-F95C8473AD24} = {F217F130-6B49-4053-AC27-3FEAD3572DB2}
		{0E372124-1E54-4674-8D00-E7C3C7524754} = {F217F130-6B49-4053-AC27-3FEAD3572DB2}
		{6B274093-0194-4289-BEE7-E462903792CB} = {F217F130-6B49-4053-AC27-3FEAD3572DB2}
		{87B75376-8EFA-422D-AA84-8C73AB52244D} = {F217F130-6B49-4053-AC27-3FEAD3572DB2}
		{2470752C-2005-4BBD-8322-4F520B3DC803} = {1556F2C7-F245-40C1-ADA3-FD418A27015A}
		{8083DCD5-2505-4CA2-AF4D-E076B76B7BF2} = {15C075F9-58D2-4459-A2B2-648DF09237FE}
		{3004C97A-179A-4E3D-9923-262C6E37D757} = {F217F130-6B49-4053-AC27-3FEAD3572DB2}
		{437D488B-8FF9-49CA-84B3-C1BBD9CB512D} = {F217F130-6B49-4053-AC27-3FEAD3572DB2}
		{912F8253-0C8B-491C-A545-F2799A6A391B} = {7D5EA0AB-A675-4EC6-B2F4-5FC11793E0B9}
		{E95EB050-040E-49A9-940B-2E08C6661E9B} = {F217F130-6B49-4053-AC27-3FEAD3572DB2}
	EndGlobalSection
	GlobalSection(ExtensibilityGlobals) = postSolution
		SolutionGuid = {5E86A7EA-03D9-4CB6-A297-13E7D2BD3EDC}
	EndGlobalSection
EndGlobal
